
Microsoft Visual Studio Solution File, Format Version 12.00
# Visual Studio Version 17
VisualStudioVersion = 17.11.35303.130
MinimumVisualStudioVersion = 10.0.40219.1
Project("{FAE04EC0-301F-11D3-BF4B-00C04F79EFBC}") = "mtcg", "mtcg\mtcg.csproj", "{00C80446-D872-4C50-A1AF-C6700163499D}"
EndProject
Global
	GlobalSection(SolutionConfigurationPlatforms) = preSolution
		Debug|Any CPU = Debug|Any CPU
		Release|Any CPU = Release|Any CPU
	EndGlobalSection
	GlobalSection(ProjectConfigurationPlatforms) = postSolution
		{00C80446-D872-4C50-A1AF-C6700163499D}.Debug|Any CPU.ActiveCfg = Debug|Any CPU
		{00C80446-D872-4C50-A1AF-C6700163499D}.Debug|Any CPU.Build.0 = Debug|Any CPU
		{00C80446-D872-4C50-A1AF-C6700163499D}.Release|Any CPU.ActiveCfg = Release|Any CPU
		{00C80446-D872-4C50-A1AF-C6700163499D}.Release|Any CPU.Build.0 = Release|Any CPU
	EndGlobalSection
	GlobalSection(SolutionProperties) = preSolution
		HideSolutionNode = FALSE
	EndGlobalSection
	GlobalSection(ExtensibilityGlobals) = postSolution
		SolutionGuid = {AC84CCE7-2B5C-4ABC-90FB-DCEE4B8D095C}
	EndGlobalSection
EndGlobal
